// !$*UTF8*$!
{
	archiveVersion = 1;
	classes = {
	};
	objectVersion = 50;
	objects = {

/* Begin PBXBuildFile section */
		D3100C8B22E9B67C0075546F /* Diary.swift in Sources */ = {isa = PBXBuildFile; fileRef = D3100C8A22E9B67C0075546F /* Diary.swift */; };
		D37776F522EA9602003594B0 /* SeeDiariesViewController.swift in Sources */ = {isa = PBXBuildFile; fileRef = D37776F422EA9602003594B0 /* SeeDiariesViewController.swift */; };
		D37776F722EA96D5003594B0 /* CreateDiaryViewController.swift in Sources */ = {isa = PBXBuildFile; fileRef = D37776F622EA96D5003594B0 /* CreateDiaryViewController.swift */; };
		D37776F922EA971D003594B0 /* DiaryTableViewCell.swift in Sources */ = {isa = PBXBuildFile; fileRef = D37776F822EA971D003594B0 /* DiaryTableViewCell.swift */; };
		D37776FB22EAA68D003594B0 /* Private.swift in Sources */ = {isa = PBXBuildFile; fileRef = D37776FA22EAA68D003594B0 /* Private.swift */; };
		D3A2226B22EDF81200F048A3 /* DiaryManager.swift in Sources */ = {isa = PBXBuildFile; fileRef = D3A2226A22EDF81200F048A3 /* DiaryManager.swift */; };
		D3AD27E322E9AD070068EF55 /* AppDelegate.swift in Sources */ = {isa = PBXBuildFile; fileRef = D3AD27E222E9AD070068EF55 /* AppDelegate.swift */; };
		D3AD27E822E9AD070068EF55 /* Main.storyboard in Resources */ = {isa = PBXBuildFile; fileRef = D3AD27E622E9AD070068EF55 /* Main.storyboard */; };
		D3AD27EA22E9AD080068EF55 /* Assets.xcassets in Resources */ = {isa = PBXBuildFile; fileRef = D3AD27E922E9AD080068EF55 /* Assets.xcassets */; };
		D3AD27ED22E9AD080068EF55 /* LaunchScreen.storyboard in Resources */ = {isa = PBXBuildFile; fileRef = D3AD27EB22E9AD080068EF55 /* LaunchScreen.storyboard */; };
		D3AD27F822E9AD080068EF55 /* DiaryAppTests.swift in Sources */ = {isa = PBXBuildFile; fileRef = D3AD27F722E9AD080068EF55 /* DiaryAppTests.swift */; };
		D3AD280322E9AD080068EF55 /* DiaryAppUITests.swift in Sources */ = {isa = PBXBuildFile; fileRef = D3AD280222E9AD080068EF55 /* DiaryAppUITests.swift */; };
/* End PBXBuildFile section */

/* Begin PBXContainerItemProxy section */
		D3AD27F422E9AD080068EF55 /* PBXContainerItemProxy */ = {
			isa = PBXContainerItemProxy;
			containerPortal = D3AD27D722E9AD070068EF55 /* Project object */;
			proxyType = 1;
			remoteGlobalIDString = D3AD27DE22E9AD070068EF55;
			remoteInfo = DiaryApp;
		};
		D3AD27FF22E9AD080068EF55 /* PBXContainerItemProxy */ = {
			isa = PBXContainerItemProxy;
			containerPortal = D3AD27D722E9AD070068EF55 /* Project object */;
			proxyType = 1;
			remoteGlobalIDString = D3AD27DE22E9AD070068EF55;
			remoteInfo = DiaryApp;
		};
/* End PBXContainerItemProxy section */

/* Begin PBXFileReference section */
		D3100C8A22E9B67C0075546F /* Diary.swift */ = {isa = PBXFileReference; fileEncoding = 4; lastKnownFileType = sourcecode.swift; path = Diary.swift; sourceTree = "<group>"; };
		D37776F422EA9602003594B0 /* SeeDiariesViewController.swift */ = {isa = PBXFileReference; lastKnownFileType = sourcecode.swift; path = SeeDiariesViewController.swift; sourceTree = "<group>"; };
		D37776F622EA96D5003594B0 /* CreateDiaryViewController.swift */ = {isa = PBXFileReference; fileEncoding = 4; lastKnownFileType = sourcecode.swift; path = CreateDiaryViewController.swift; sourceTree = "<group>"; };
		D37776F822EA971D003594B0 /* DiaryTableViewCell.swift */ = {isa = PBXFileReference; lastKnownFileType = sourcecode.swift; path = DiaryTableViewCell.swift; sourceTree = "<group>"; };
		D37776FA22EAA68D003594B0 /* Private.swift */ = {isa = PBXFileReference; lastKnownFileType = sourcecode.swift; path = Private.swift; sourceTree = "<group>"; };
		D3A2226A22EDF81200F048A3 /* DiaryManager.swift */ = {isa = PBXFileReference; lastKnownFileType = sourcecode.swift; path = DiaryManager.swift; sourceTree = "<group>"; };
		D3AD27DF22E9AD070068EF55 /* DiaryApp.app */ = {isa = PBXFileReference; explicitFileType = wrapper.application; includeInIndex = 0; path = DiaryApp.app; sourceTree = BUILT_PRODUCTS_DIR; };
		D3AD27E222E9AD070068EF55 /* AppDelegate.swift */ = {isa = PBXFileReference; lastKnownFileType = sourcecode.swift; path = AppDelegate.swift; sourceTree = "<group>"; };
		D3AD27E722E9AD070068EF55 /* Base */ = {isa = PBXFileReference; lastKnownFileType = file.storyboard; name = Base; path = Base.lproj/Main.storyboard; sourceTree = "<group>"; };
		D3AD27E922E9AD080068EF55 /* Assets.xcassets */ = {isa = PBXFileReference; lastKnownFileType = folder.assetcatalog; path = Assets.xcassets; sourceTree = "<group>"; };
		D3AD27EC22E9AD080068EF55 /* Base */ = {isa = PBXFileReference; lastKnownFileType = file.storyboard; name = Base; path = Base.lproj/LaunchScreen.storyboard; sourceTree = "<group>"; };
		D3AD27EE22E9AD080068EF55 /* Info.plist */ = {isa = PBXFileReference; lastKnownFileType = text.plist.xml; path = Info.plist; sourceTree = "<group>"; };
		D3AD27F322E9AD080068EF55 /* DiaryAppTests.xctest */ = {isa = PBXFileReference; explicitFileType = wrapper.cfbundle; includeInIndex = 0; path = DiaryAppTests.xctest; sourceTree = BUILT_PRODUCTS_DIR; };
		D3AD27F722E9AD080068EF55 /* DiaryAppTests.swift */ = {isa = PBXFileReference; lastKnownFileType = sourcecode.swift; path = DiaryAppTests.swift; sourceTree = "<group>"; };
		D3AD27F922E9AD080068EF55 /* Info.plist */ = {isa = PBXFileReference; lastKnownFileType = text.plist.xml; path = Info.plist; sourceTree = "<group>"; };
		D3AD27FE22E9AD080068EF55 /* DiaryAppUITests.xctest */ = {isa = PBXFileReference; explicitFileType = wrapper.cfbundle; includeInIndex = 0; path = DiaryAppUITests.xctest; sourceTree = BUILT_PRODUCTS_DIR; };
		D3AD280222E9AD080068EF55 /* DiaryAppUITests.swift */ = {isa = PBXFileReference; lastKnownFileType = sourcecode.swift; path = DiaryAppUITests.swift; sourceTree = "<group>"; };
		D3AD280422E9AD080068EF55 /* Info.plist */ = {isa = PBXFileReference; lastKnownFileType = text.plist.xml; path = Info.plist; sourceTree = "<group>"; };
/* End PBXFileReference section */

/* Begin PBXFrameworksBuildPhase section */
		D3AD27DC22E9AD070068EF55 /* Frameworks */ = {
			isa = PBXFrameworksBuildPhase;
			buildActionMask = 2147483647;
			files = (
			);
			runOnlyForDeploymentPostprocessing = 0;
		};
		D3AD27F022E9AD080068EF55 /* Frameworks */ = {
			isa = PBXFrameworksBuildPhase;
			buildActionMask = 2147483647;
			files = (
			);
			runOnlyForDeploymentPostprocessing = 0;
		};
		D3AD27FB22E9AD080068EF55 /* Frameworks */ = {
			isa = PBXFrameworksBuildPhase;
			buildActionMask = 2147483647;
			files = (
			);
			runOnlyForDeploymentPostprocessing = 0;
		};
/* End PBXFrameworksBuildPhase section */

/* Begin PBXGroup section */
		D3100C8922E9B67C0075546F /* Entity */ = {
			isa = PBXGroup;
			children = (
				D3100C8A22E9B67C0075546F /* Diary.swift */,
			);
			path = Entity;
			sourceTree = "<group>";
		};
		D3AD27D622E9AD070068EF55 = {
			isa = PBXGroup;
			children = (
				D3AD27E122E9AD070068EF55 /* DiaryApp */,
				D3AD27F622E9AD080068EF55 /* DiaryAppTests */,
				D3AD280122E9AD080068EF55 /* DiaryAppUITests */,
				D3AD27E022E9AD070068EF55 /* Products */,
			);
			sourceTree = "<group>";
		};
		D3AD27E022E9AD070068EF55 /* Products */ = {
			isa = PBXGroup;
			children = (
				D3AD27DF22E9AD070068EF55 /* DiaryApp.app */,
				D3AD27F322E9AD080068EF55 /* DiaryAppTests.xctest */,
				D3AD27FE22E9AD080068EF55 /* DiaryAppUITests.xctest */,
			);
			name = Products;
			sourceTree = "<group>";
		};
		D3AD27E122E9AD070068EF55 /* DiaryApp */ = {
			isa = PBXGroup;
			children = (
				D3AD27EE22E9AD080068EF55 /* Info.plist */,
				D3AD27E222E9AD070068EF55 /* AppDelegate.swift */,
				D37776F622EA96D5003594B0 /* CreateDiaryViewController.swift */,
				D3A2226A22EDF81200F048A3 /* DiaryManager.swift */,
				D37776F822EA971D003594B0 /* DiaryTableViewCell.swift */,
				D37776FA22EAA68D003594B0 /* Private.swift */,
				D37776F422EA9602003594B0 /* SeeDiariesViewController.swift */,
				D3AD27E922E9AD080068EF55 /* Assets.xcassets */,
				D3100C8922E9B67C0075546F /* Entity */,
				D3AD27EB22E9AD080068EF55 /* LaunchScreen.storyboard */,
				D3AD27E622E9AD070068EF55 /* Main.storyboard */,
			);
			path = DiaryApp;
			sourceTree = "<group>";
		};
		D3AD27F622E9AD080068EF55 /* DiaryAppTests */ = {
			isa = PBXGroup;
			children = (
				D3AD27F722E9AD080068EF55 /* DiaryAppTests.swift */,
				D3AD27F922E9AD080068EF55 /* Info.plist */,
			);
			path = DiaryAppTests;
			sourceTree = "<group>";
		};
		D3AD280122E9AD080068EF55 /* DiaryAppUITests */ = {
			isa = PBXGroup;
			children = (
				D3AD280222E9AD080068EF55 /* DiaryAppUITests.swift */,
				D3AD280422E9AD080068EF55 /* Info.plist */,
			);
			path = DiaryAppUITests;
			sourceTree = "<group>";
		};
/* End PBXGroup section */

/* Begin PBXNativeTarget section */
		D3AD27DE22E9AD070068EF55 /* DiaryApp */ = {
			isa = PBXNativeTarget;
			buildConfigurationList = D3AD280722E9AD080068EF55 /* Build configuration list for PBXNativeTarget "DiaryApp" */;
			buildPhases = (
				D3AD27DB22E9AD070068EF55 /* Sources */,
				D3AD27DC22E9AD070068EF55 /* Frameworks */,
				D3AD27DD22E9AD070068EF55 /* Resources */,
			);
			buildRules = (
			);
			dependencies = (
			);
			name = DiaryApp;
			productName = DiaryApp;
			productReference = D3AD27DF22E9AD070068EF55 /* DiaryApp.app */;
			productType = "com.apple.product-type.application";
		};
		D3AD27F222E9AD080068EF55 /* DiaryAppTests */ = {
			isa = PBXNativeTarget;
			buildConfigurationList = D3AD280A22E9AD080068EF55 /* Build configuration list for PBXNativeTarget "DiaryAppTests" */;
			buildPhases = (
				D3AD27EF22E9AD080068EF55 /* Sources */,
				D3AD27F022E9AD080068EF55 /* Frameworks */,
				D3AD27F122E9AD080068EF55 /* Resources */,
			);
			buildRules = (
			);
			dependencies = (
				D3AD27F522E9AD080068EF55 /* PBXTargetDependency */,
			);
			name = DiaryAppTests;
			productName = DiaryAppTests;
			productReference = D3AD27F322E9AD080068EF55 /* DiaryAppTests.xctest */;
			productType = "com.apple.product-type.bundle.unit-test";
		};
		D3AD27FD22E9AD080068EF55 /* DiaryAppUITests */ = {
			isa = PBXNativeTarget;
			buildConfigurationList = D3AD280D22E9AD080068EF55 /* Build configuration list for PBXNativeTarget "DiaryAppUITests" */;
			buildPhases = (
				D3AD27FA22E9AD080068EF55 /* Sources */,
				D3AD27FB22E9AD080068EF55 /* Frameworks */,
				D3AD27FC22E9AD080068EF55 /* Resources */,
			);
			buildRules = (
			);
			dependencies = (
				D3AD280022E9AD080068EF55 /* PBXTargetDependency */,
			);
			name = DiaryAppUITests;
			productName = DiaryAppUITests;
			productReference = D3AD27FE22E9AD080068EF55 /* DiaryAppUITests.xctest */;
			productType = "com.apple.product-type.bundle.ui-testing";
		};
/* End PBXNativeTarget section */

/* Begin PBXProject section */
		D3AD27D722E9AD070068EF55 /* Project object */ = {
			isa = PBXProject;
			attributes = {
				LastSwiftUpdateCheck = 1030;
				LastUpgradeCheck = 1030;
				ORGANIZATIONNAME = "Fumiya Tanaka";
				TargetAttributes = {
					D3AD27DE22E9AD070068EF55 = {
						CreatedOnToolsVersion = 10.3;
					};
					D3AD27F222E9AD080068EF55 = {
						CreatedOnToolsVersion = 10.3;
						TestTargetID = D3AD27DE22E9AD070068EF55;
					};
					D3AD27FD22E9AD080068EF55 = {
						CreatedOnToolsVersion = 10.3;
						TestTargetID = D3AD27DE22E9AD070068EF55;
					};
				};
			};
			buildConfigurationList = D3AD27DA22E9AD070068EF55 /* Build configuration list for PBXProject "DiaryApp" */;
			compatibilityVersion = "Xcode 9.3";
			developmentRegion = en;
			hasScannedForEncodings = 0;
			knownRegions = (
				en,
				Base,
			);
			mainGroup = D3AD27D622E9AD070068EF55;
			productRefGroup = D3AD27E022E9AD070068EF55 /* Products */;
			projectDirPath = "";
			projectRoot = "";
			targets = (
				D3AD27DE22E9AD070068EF55 /* DiaryApp */,
				D3AD27F222E9AD080068EF55 /* DiaryAppTests */,
				D3AD27FD22E9AD080068EF55 /* DiaryAppUITests */,
			);
		};
/* End PBXProject section */

/* Begin PBXResourcesBuildPhase section */
		D3AD27DD22E9AD070068EF55 /* Resources */ = {
			isa = PBXResourcesBuildPhase;
			buildActionMask = 2147483647;
			files = (
				D3AD27ED22E9AD080068EF55 /* LaunchScreen.storyboard in Resources */,
				D3AD27EA22E9AD080068EF55 /* Assets.xcassets in Resources */,
				D3AD27E822E9AD070068EF55 /* Main.storyboard in Resources */,
			);
			runOnlyForDeploymentPostprocessing = 0;
		};
		D3AD27F122E9AD080068EF55 /* Resources */ = {
			isa = PBXResourcesBuildPhase;
			buildActionMask = 2147483647;
			files = (
			);
			runOnlyForDeploymentPostprocessing = 0;
		};
		D3AD27FC22E9AD080068EF55 /* Resources */ = {
			isa = PBXResourcesBuildPhase;
			buildActionMask = 2147483647;
			files = (
			);
			runOnlyForDeploymentPostprocessing = 0;
		};
/* End PBXResourcesBuildPhase section */

/* Begin PBXSourcesBuildPhase section */
		D3AD27DB22E9AD070068EF55 /* Sources */ = {
			isa = PBXSourcesBuildPhase;
			buildActionMask = 2147483647;
			files = (
				D3AD27E322E9AD070068EF55 /* AppDelegate.swift in Sources */,
				D37776F922EA971D003594B0 /* DiaryTableViewCell.swift in Sources */,
				D3A2226B22EDF81200F048A3 /* DiaryManager.swift in Sources */,
				D37776F522EA9602003594B0 /* SeeDiariesViewController.swift in Sources */,
				D37776F722EA96D5003594B0 /* CreateDiaryViewController.swift in Sources */,
				D3100C8B22E9B67C0075546F /* Diary.swift in Sources */,
				D37776FB22EAA68D003594B0 /* Private.swift in Sources */,
			);
			runOnlyForDeploymentPostprocessing = 0;
		};
		D3AD27EF22E9AD080068EF55 /* Sources */ = {
			isa = PBXSourcesBuildPhase;
			buildActionMask = 2147483647;
			files = (
				D3AD27F822E9AD080068EF55 /* DiaryAppTests.swift in Sources */,
			);
			runOnlyForDeploymentPostprocessing = 0;
		};
		D3AD27FA22E9AD080068EF55 /* Sources */ = {
			isa = PBXSourcesBuildPhase;
			buildActionMask = 2147483647;
			files = (
				D3AD280322E9AD080068EF55 /* DiaryAppUITests.swift in Sources */,
			);
			runOnlyForDeploymentPostprocessing = 0;
		};
/* End PBXSourcesBuildPhase section */

/* Begin PBXTargetDependency section */
		D3AD27F522E9AD080068EF55 /* PBXTargetDependency */ = {
			isa = PBXTargetDependency;
			target = D3AD27DE22E9AD070068EF55 /* DiaryApp */;
			targetProxy = D3AD27F422E9AD080068EF55 /* PBXContainerItemProxy */;
		};
		D3AD280022E9AD080068EF55 /* PBXTargetDependency */ = {
			isa = PBXTargetDependency;
			target = D3AD27DE22E9AD070068EF55 /* DiaryApp */;
			targetProxy = D3AD27FF22E9AD080068EF55 /* PBXContainerItemProxy */;
		};
/* End PBXTargetDependency section */

/* Begin PBXVariantGroup section */
		D3AD27E622E9AD070068EF55 /* Main.storyboard */ = {
			isa = PBXVariantGroup;
			children = (
				D3AD27E722E9AD070068EF55 /* Base */,
			);
			name = Main.storyboard;
			sourceTree = "<group>";
		};
		D3AD27EB22E9AD080068EF55 /* LaunchScreen.storyboard */ = {
			isa = PBXVariantGroup;
			children = (
				D3AD27EC22E9AD080068EF55 /* Base */,
			);
			name = LaunchScreen.storyboard;
			sourceTree = "<group>";
		};
/* End PBXVariantGroup section */

/* Begin XCBuildConfiguration section */
		D3AD280522E9AD080068EF55 /* Debug */ = {
			isa = XCBuildConfiguration;
			buildSettings = {
				ALWAYS_SEARCH_USER_PATHS = NO;
				CLANG_ANALYZER_NONNULL = YES;
				CLANG_ANALYZER_NUMBER_OBJECT_CONVERSION = YES_AGGRESSIVE;
				CLANG_CXX_LANGUAGE_STANDARD = "gnu++14";
				CLANG_CXX_LIBRARY = "libc++";
				CLANG_ENABLE_MODULES = YES;
				CLANG_ENABLE_OBJC_ARC = YES;
				CLANG_ENABLE_OBJC_WEAK = YES;
				CLANG_WARN_BLOCK_CAPTURE_AUTORELEASING = YES;
				CLANG_WARN_BOOL_CONVERSION = YES;
				CLANG_WARN_COMMA = YES;
				CLANG_WARN_CONSTANT_CONVERSION = YES;
				CLANG_WARN_DEPRECATED_OBJC_IMPLEMENTATIONS = YES;
				CLANG_WARN_DIRECT_OBJC_ISA_USAGE = YES_ERROR;
				CLANG_WARN_DOCUMENTATION_COMMENTS = YES;
				CLANG_WARN_EMPTY_BODY = YES;
				CLANG_WARN_ENUM_CONVERSION = YES;
				CLANG_WARN_INFINITE_RECURSION = YES;
				CLANG_WARN_INT_CONVERSION = YES;
				CLANG_WARN_NON_LITERAL_NULL_CONVERSION = YES;
				CLANG_WARN_OBJC_IMPLICIT_RETAIN_SELF = YES;
				CLANG_WARN_OBJC_LITERAL_CONVERSION = YES;
				CLANG_WARN_OBJC_ROOT_CLASS = YES_ERROR;
				CLANG_WARN_RANGE_LOOP_ANALYSIS = YES;
				CLANG_WARN_STRICT_PROTOTYPES = YES;
				CLANG_WARN_SUSPICIOUS_MOVE = YES;
				CLANG_WARN_UNGUARDED_AVAILABILITY = YES_AGGRESSIVE;
				CLANG_WARN_UNREACHABLE_CODE = YES;
				CLANG_WARN__DUPLICATE_METHOD_MATCH = YES;
				CODE_SIGN_IDENTITY = "iPhone Developer";
				COPY_PHASE_STRIP = NO;
				DEBUG_INFORMATION_FORMAT = dwarf;
				ENABLE_STRICT_OBJC_MSGSEND = YES;
				ENABLE_TESTABILITY = YES;
				GCC_C_LANGUAGE_STANDARD = gnu11;
				GCC_DYNAMIC_NO_PIC = NO;
				GCC_NO_COMMON_BLOCKS = YES;
				GCC_OPTIMIZATION_LEVEL = 0;
				GCC_PREPROCESSOR_DEFINITIONS = (
					"DEBUG=1",
					"$(inherited)",
				);
				GCC_WARN_64_TO_32_BIT_CONVERSION = YES;
				GCC_WARN_ABOUT_RETURN_TYPE = YES_ERROR;
				GCC_WARN_UNDECLARED_SELECTOR = YES;
				GCC_WARN_UNINITIALIZED_AUTOS = YES_AGGRESSIVE;
				GCC_WARN_UNUSED_FUNCTION = YES;
				GCC_WARN_UNUSED_VARIABLE = YES;
				IPHONEOS_DEPLOYMENT_TARGET = 12.4;
				MTL_ENABLE_DEBUG_INFO = INCLUDE_SOURCE;
				MTL_FAST_MATH = YES;
				ONLY_ACTIVE_ARCH = YES;
				SDKROOT = iphoneos;
				SWIFT_ACTIVE_COMPILATION_CONDITIONS = DEBUG;
				SWIFT_OPTIMIZATION_LEVEL = "-Onone";
			};
			name = Debug;
		};
		D3AD280622E9AD080068EF55 /* Release */ = {
			isa = XCBuildConfiguration;
			buildSettings = {
				ALWAYS_SEARCH_USER_PATHS = NO;
				CLANG_ANALYZER_NONNULL = YES;
				CLANG_ANALYZER_NUMBER_OBJECT_CONVERSION = YES_AGGRESSIVE;
				CLANG_CXX_LANGUAGE_STANDARD = "gnu++14";
				CLANG_CXX_LIBRARY = "libc++";
				CLANG_ENABLE_MODULES = YES;
				CLANG_ENABLE_OBJC_ARC = YES;
				CLANG_ENABLE_OBJC_WEAK = YES;
				CLANG_WARN_BLOCK_CAPTURE_AUTORELEASING = YES;
				CLANG_WARN_BOOL_CONVERSION = YES;
				CLANG_WARN_COMMA = YES;
				CLANG_WARN_CONSTANT_CONVERSION = YES;
				CLANG_WARN_DEPRECATED_OBJC_IMPLEMENTATIONS = YES;
				CLANG_WARN_DIRECT_OBJC_ISA_USAGE = YES_ERROR;
				CLANG_WARN_DOCUMENTATION_COMMENTS = YES;
				CLANG_WARN_EMPTY_BODY = YES;
				CLANG_WARN_ENUM_CONVERSION = YES;
				CLANG_WARN_INFINITE_RECURSION = YES;
				CLANG_WARN_INT_CONVERSION = YES;
				CLANG_WARN_NON_LITERAL_NULL_CONVERSION = YES;
				CLANG_WARN_OBJC_IMPLICIT_RETAIN_SELF = YES;
				CLANG_WARN_OBJC_LITERAL_CONVERSION = YES;
				CLANG_WARN_OBJC_ROOT_CLASS = YES_ERROR;
				CLANG_WARN_RANGE_LOOP_ANALYSIS = YES;
				CLANG_WARN_STRICT_PROTOTYPES = YES;
				CLANG_WARN_SUSPICIOUS_MOVE = YES;
				CLANG_WARN_UNGUARDED_AVAILABILITY = YES_AGGRESSIVE;
				CLANG_WARN_UNREACHABLE_CODE = YES;
				CLANG_WARN__DUPLICATE_METHOD_MATCH = YES;
				CODE_SIGN_IDENTITY = "iPhone Developer";
				COPY_PHASE_STRIP = NO;
				DEBUG_INFORMATION_FORMAT = "dwarf-with-dsym";
				ENABLE_NS_ASSERTIONS = NO;
				ENABLE_STRICT_OBJC_MSGSEND = YES;
				GCC_C_LANGUAGE_STANDARD = gnu11;
				GCC_NO_COMMON_BLOCKS = YES;
				GCC_WARN_64_TO_32_BIT_CONVERSION = YES;
				GCC_WARN_ABOUT_RETURN_TYPE = YES_ERROR;
				GCC_WARN_UNDECLARED_SELECTOR = YES;
				GCC_WARN_UNINITIALIZED_AUTOS = YES_AGGRESSIVE;
				GCC_WARN_UNUSED_FUNCTION = YES;
				GCC_WARN_UNUSED_VARIABLE = YES;
				IPHONEOS_DEPLOYMENT_TARGET = 12.4;
				MTL_ENABLE_DEBUG_INFO = NO;
				MTL_FAST_MATH = YES;
				SDKROOT = iphoneos;
				SWIFT_COMPILATION_MODE = wholemodule;
				SWIFT_OPTIMIZATION_LEVEL = "-O";
				VALIDATE_PRODUCT = YES;
			};
			name = Release;
		};
		D3AD280822E9AD080068EF55 /* Debug */ = {
			isa = XCBuildConfiguration;
			buildSettings = {
				ASSETCATALOG_COMPILER_APPICON_NAME = "AppIcon-1";
				CODE_SIGN_STYLE = Automatic;
				DEVELOPMENT_TEAM = 2X6AD4W323;
				INFOPLIST_FILE = DiaryApp/Info.plist;
				LD_RUNPATH_SEARCH_PATHS = (
					"$(inherited)",
					"@executable_path/Frameworks",
				);
				PRODUCT_BUNDLE_IDENTIFIER = com.fumiya.DiaryApp;
				PRODUCT_NAME = "$(TARGET_NAME)";
				SWIFT_VERSION = 5.0;
				TARGETED_DEVICE_FAMILY = 1;
			};
			name = Debug;
		};
		D3AD280922E9AD080068EF55 /* Release */ = {
			isa = XCBuildConfiguration;
			buildSettings = {
				ASSETCATALOG_COMPILER_APPICON_NAME = "AppIcon-1";
				CODE_SIGN_STYLE = Automatic;
				DEVELOPMENT_TEAM = 2X6AD4W323;
				INFOPLIST_FILE = DiaryApp/Info.plist;
				LD_RUNPATH_SEARCH_PATHS = (
					"$(inherited)",
					"@executable_path/Frameworks",
				);
				PRODUCT_BUNDLE_IDENTIFIER = com.fumiya.DiaryApp;
				PRODUCT_NAME = "$(TARGET_NAME)";
				SWIFT_VERSION = 5.0;
				TARGETED_DEVICE_FAMILY = 1;
			};
			name = Release;
		};
		D3AD280B22E9AD080068EF55 /* Debug */ = {
			isa = XCBuildConfiguration;
			buildSettings = {
				ALWAYS_EMBED_SWIFT_STANDARD_LIBRARIES = YES;
				BUNDLE_LOADER = "$(TEST_HOST)";
				CODE_SIGN_STYLE = Automatic;
				DEVELOPMENT_TEAM = 2X6AD4W323;
				INFOPLIST_FILE = DiaryAppTests/Info.plist;
				LD_RUNPATH_SEARCH_PATHS = (
					"$(inherited)",
					"@executable_path/Frameworks",
					"@loader_path/Frameworks",
				);
				PRODUCT_BUNDLE_IDENTIFIER = com.fumiya.DiaryAppTests;
				PRODUCT_NAME = "$(TARGET_NAME)";
				SWIFT_VERSION = 5.0;
				TARGETED_DEVICE_FAMILY = "1,2";
				TEST_HOST = "$(BUILT_PRODUCTS_DIR)/DiaryApp.app/DiaryApp";
			};
			name = Debug;
		};
		D3AD280C22E9AD080068EF55 /* Release */ = {
			isa = XCBuildConfiguration;
			buildSettings = {
				ALWAYS_EMBED_SWIFT_STANDARD_LIBRARIES = YES;
				BUNDLE_LOADER = "$(TEST_HOST)";
				CODE_SIGN_STYLE = Automatic;
				DEVELOPMENT_TEAM = 2X6AD4W323;
				INFOPLIST_FILE = DiaryAppTests/Info.plist;
				LD_RUNPATH_SEARCH_PATHS = (
					"$(inherited)",
					"@executable_path/Frameworks",
					"@loader_path/Frameworks",
				);
				PRODUCT_BUNDLE_IDENTIFIER = com.fumiya.DiaryAppTests;
				PRODUCT_NAME = "$(TARGET_NAME)";
				SWIFT_VERSION = 5.0;
				TARGETED_DEVICE_FAMILY = "1,2";
				TEST_HOST = "$(BUILT_PRODUCTS_DIR)/DiaryApp.app/DiaryApp";
			};
			name = Release;
		};
		D3AD280E22E9AD080068EF55 /* Debug */ = {
			isa = XCBuildConfiguration;
			buildSettings = {
				ALWAYS_EMBED_SWIFT_STANDARD_LIBRARIES = YES;
				CODE_SIGN_STYLE = Automatic;
				DEVELOPMENT_TEAM = 2X6AD4W323;
				INFOPLIST_FILE = DiaryAppUITests/Info.plist;
				LD_RUNPATH_SEARCH_PATHS = (
					"$(inherited)",
					"@executable_path/Frameworks",
					"@loader_path/Frameworks",
				);
				PRODUCT_BUNDLE_IDENTIFIER = com.fumiya.DiaryAppUITests;
				PRODUCT_NAME = "$(TARGET_NAME)";
				SWIFT_VERSION = 5.0;
				TARGETED_DEVICE_FAMILY = "1,2";
				TEST_TARGET_NAME = DiaryApp;
			};
			name = Debug;
		};
		D3AD280F22E9AD080068EF55 /* Release */ = {
			isa = XCBuildConfiguration;
			buildSettings = {
				ALWAYS_EMBED_SWIFT_STANDARD_LIBRARIES = YES;
				CODE_SIGN_STYLE = Automatic;
				DEVELOPMENT_TEAM = 2X6AD4W323;
				INFOPLIST_FILE = DiaryAppUITests/Info.plist;
				LD_RUNPATH_SEARCH_PATHS = (
					"$(inherited)",
					"@executable_path/Frameworks",
					"@loader_path/Frameworks",
				);
				PRODUCT_BUNDLE_IDENTIFIER = com.fumiya.DiaryAppUITests;
				PRODUCT_NAME = "$(TARGET_NAME)";
				SWIFT_VERSION = 5.0;
				TARGETED_DEVICE_FAMILY = "1,2";
				TEST_TARGET_NAME = DiaryApp;
			};
			name = Release;
		};
/* End XCBuildConfiguration section */

/* Begin XCConfigurationList section */
		D3AD27DA22E9AD070068EF55 /* Build configuration list for PBXProject "DiaryApp" */ = {
			isa = XCConfigurationList;
			buildConfigurations = (
				D3AD280522E9AD080068EF55 /* Debug */,
				D3AD280622E9AD080068EF55 /* Release */,
			);
			defaultConfigurationIsVisible = 0;
			defaultConfigurationName = Release;
		};
		D3AD280722E9AD080068EF55 /* Build configuration list for PBXNativeTarget "DiaryApp" */ = {
			isa = XCConfigurationList;
			buildConfigurations = (
				D3AD280822E9AD080068EF55 /* Debug */,
				D3AD280922E9AD080068EF55 /* Release */,
			);
			defaultConfigurationIsVisible = 0;
			defaultConfigurationName = Release;
		};
		D3AD280A22E9AD080068EF55 /* Build configuration list for PBXNativeTarget "DiaryAppTests" */ = {
			isa = XCConfigurationList;
			buildConfigurations = (
				D3AD280B22E9AD080068EF55 /* Debug */,
				D3AD280C22E9AD080068EF55 /* Release */,
			);
			defaultConfigurationIsVisible = 0;
			defaultConfigurationName = Release;
		};
		D3AD280D22E9AD080068EF55 /* Build configuration list for PBXNativeTarget "DiaryAppUITests" */ = {
			isa = XCConfigurationList;
			buildConfigurations = (
				D3AD280E22E9AD080068EF55 /* Debug */,
				D3AD280F22E9AD080068EF55 /* Release */,
			);
			defaultConfigurationIsVisible = 0;
			defaultConfigurationName = Release;
		};
/* End XCConfigurationList section */
	};
	rootObject = D3AD27D722E9AD070068EF55 /* Project object */;
}
